// !$*UTF8*$!
{
	archiveVersion = 1;
	classes = {
	};
	objectVersion = 56;
	objects = {

/* Begin PBXBuildFile section */
		3736ED9CABB8D2FA90B11A8D /* Pods_GithubRepoList_GithubRepoListUITests.framework in Frameworks */ = {isa = PBXBuildFile; fileRef = 447ADAF28195A915F5447E1B /* Pods_GithubRepoList_GithubRepoListUITests.framework */; };
		9328514C2A5C826D00FF8CFD /* RepoDetailsViewModel.swift in Sources */ = {isa = PBXBuildFile; fileRef = 9328514B2A5C826D00FF8CFD /* RepoDetailsViewModel.swift */; };
		93310D9B2A4A0B9800B293D6 /* RepoListViewModel.swift in Sources */ = {isa = PBXBuildFile; fileRef = 93310D9A2A4A0B9800B293D6 /* RepoListViewModel.swift */; };
		93310D9E2A4A0C5000B293D6 /* Repository.swift in Sources */ = {isa = PBXBuildFile; fileRef = 93310D9D2A4A0C5000B293D6 /* Repository.swift */; };
		93310DA12A4A150600B293D6 /* UIViewController+Extensions.swift in Sources */ = {isa = PBXBuildFile; fileRef = 93310DA02A4A150600B293D6 /* UIViewController+Extensions.swift */; };
		938E60D22A5347EE00009D3B /* RepositoryCell.swift in Sources */ = {isa = PBXBuildFile; fileRef = 938E60D02A5347EE00009D3B /* RepositoryCell.swift */; };
		938E60D32A5347EE00009D3B /* RepositoryCell.xib in Resources */ = {isa = PBXBuildFile; fileRef = 938E60D12A5347EE00009D3B /* RepositoryCell.xib */; };
		938E60DF2A534DA600009D3B /* RepoDetailsViewController.storyboard in Resources */ = {isa = PBXBuildFile; fileRef = 938E60DE2A534DA600009D3B /* RepoDetailsViewController.storyboard */; };
		938E60E12A534DB700009D3B /* RepoDetailsViewController.swift in Sources */ = {isa = PBXBuildFile; fileRef = 938E60E02A534DB700009D3B /* RepoDetailsViewController.swift */; };
		93C964A32A3CEB2F0061B65A /* AppDelegate.swift in Sources */ = {isa = PBXBuildFile; fileRef = 93C964A22A3CEB2F0061B65A /* AppDelegate.swift */; };
		93C964A52A3CEB2F0061B65A /* SceneDelegate.swift in Sources */ = {isa = PBXBuildFile; fileRef = 93C964A42A3CEB2F0061B65A /* SceneDelegate.swift */; };
		93C964AC2A3CEB320061B65A /* Assets.xcassets in Resources */ = {isa = PBXBuildFile; fileRef = 93C964AB2A3CEB320061B65A /* Assets.xcassets */; };
		93C964AF2A3CEB320061B65A /* LaunchScreen.storyboard in Resources */ = {isa = PBXBuildFile; fileRef = 93C964AD2A3CEB320061B65A /* LaunchScreen.storyboard */; };
		93C964BA2A3CEB320061B65A /* GithubRepoListTests.swift in Sources */ = {isa = PBXBuildFile; fileRef = 93C964B92A3CEB320061B65A /* GithubRepoListTests.swift */; };
		93C964C42A3CEB320061B65A /* GithubRepoListUITests.swift in Sources */ = {isa = PBXBuildFile; fileRef = 93C964C32A3CEB320061B65A /* GithubRepoListUITests.swift */; };
		93C964C62A3CEB320061B65A /* GithubRepoListUITestsLaunchTests.swift in Sources */ = {isa = PBXBuildFile; fileRef = 93C964C52A3CEB320061B65A /* GithubRepoListUITestsLaunchTests.swift */; };
		93C964D52A3CEE3F0061B65A /* RepoListViewController.swift in Sources */ = {isa = PBXBuildFile; fileRef = 93C964D32A3CEE3F0061B65A /* RepoListViewController.swift */; };
		93C964D82A3CEF310061B65A /* RepoListViewController.storyboard in Resources */ = {isa = PBXBuildFile; fileRef = 93C964D72A3CEF310061B65A /* RepoListViewController.storyboard */; };
		C5171BB05CF3BE1799D2384D /* Pods_GithubRepoListTests.framework in Frameworks */ = {isa = PBXBuildFile; fileRef = F0336223BA45B95BDEA43955 /* Pods_GithubRepoListTests.framework */; };
		E50A2C11B484433E1E934B53 /* Pods_GithubRepoList.framework in Frameworks */ = {isa = PBXBuildFile; fileRef = 09A7E8D0F88BAF18AD293826 /* Pods_GithubRepoList.framework */; };
/* End PBXBuildFile section */

/* Begin PBXContainerItemProxy section */
		93C964B62A3CEB320061B65A /* PBXContainerItemProxy */ = {
			isa = PBXContainerItemProxy;
			containerPortal = 93C964972A3CEB2F0061B65A /* Project object */;
			proxyType = 1;
			remoteGlobalIDString = 93C9649E2A3CEB2F0061B65A;
			remoteInfo = GithubRepoList;
		};
		93C964C02A3CEB320061B65A /* PBXContainerItemProxy */ = {
			isa = PBXContainerItemProxy;
			containerPortal = 93C964972A3CEB2F0061B65A /* Project object */;
			proxyType = 1;
			remoteGlobalIDString = 93C9649E2A3CEB2F0061B65A;
			remoteInfo = GithubRepoList;
		};
/* End PBXContainerItemProxy section */

/* Begin PBXFileReference section */
		09A7E8D0F88BAF18AD293826 /* Pods_GithubRepoList.framework */ = {isa = PBXFileReference; explicitFileType = wrapper.framework; includeInIndex = 0; path = Pods_GithubRepoList.framework; sourceTree = BUILT_PRODUCTS_DIR; };
		3EBFE28C92C46F1C1D9B09C0 /* Pods-GithubRepoList-GithubRepoListUITests.release.xcconfig */ = {isa = PBXFileReference; includeInIndex = 1; lastKnownFileType = text.xcconfig; name = "Pods-GithubRepoList-GithubRepoListUITests.release.xcconfig"; path = "Target Support Files/Pods-GithubRepoList-GithubRepoListUITests/Pods-GithubRepoList-GithubRepoListUITests.release.xcconfig"; sourceTree = "<group>"; };
		447ADAF28195A915F5447E1B /* Pods_GithubRepoList_GithubRepoListUITests.framework */ = {isa = PBXFileReference; explicitFileType = wrapper.framework; includeInIndex = 0; path = Pods_GithubRepoList_GithubRepoListUITests.framework; sourceTree = BUILT_PRODUCTS_DIR; };
		6EF7E8F2109AC55954505B3F /* Pods-GithubRepoListTests.debug.xcconfig */ = {isa = PBXFileReference; includeInIndex = 1; lastKnownFileType = text.xcconfig; name = "Pods-GithubRepoListTests.debug.xcconfig"; path = "Target Support Files/Pods-GithubRepoListTests/Pods-GithubRepoListTests.debug.xcconfig"; sourceTree = "<group>"; };
		9328514B2A5C826D00FF8CFD /* RepoDetailsViewModel.swift */ = {isa = PBXFileReference; lastKnownFileType = sourcecode.swift; path = RepoDetailsViewModel.swift; sourceTree = "<group>"; };
		93310D9A2A4A0B9800B293D6 /* RepoListViewModel.swift */ = {isa = PBXFileReference; lastKnownFileType = sourcecode.swift; path = RepoListViewModel.swift; sourceTree = "<group>"; };
		93310D9D2A4A0C5000B293D6 /* Repository.swift */ = {isa = PBXFileReference; lastKnownFileType = sourcecode.swift; path = Repository.swift; sourceTree = "<group>"; };
		93310DA02A4A150600B293D6 /* UIViewController+Extensions.swift */ = {isa = PBXFileReference; lastKnownFileType = sourcecode.swift; path = "UIViewController+Extensions.swift"; sourceTree = "<group>"; };
		938E60D02A5347EE00009D3B /* RepositoryCell.swift */ = {isa = PBXFileReference; lastKnownFileType = sourcecode.swift; path = RepositoryCell.swift; sourceTree = "<group>"; };
		938E60D12A5347EE00009D3B /* RepositoryCell.xib */ = {isa = PBXFileReference; lastKnownFileType = file.xib; path = RepositoryCell.xib; sourceTree = "<group>"; };
		938E60DE2A534DA600009D3B /* RepoDetailsViewController.storyboard */ = {isa = PBXFileReference; lastKnownFileType = file.storyboard; path = RepoDetailsViewController.storyboard; sourceTree = "<group>"; };
		938E60E02A534DB700009D3B /* RepoDetailsViewController.swift */ = {isa = PBXFileReference; lastKnownFileType = sourcecode.swift; path = RepoDetailsViewController.swift; sourceTree = "<group>"; };
		93C9649F2A3CEB2F0061B65A /* GithubRepoList.app */ = {isa = PBXFileReference; explicitFileType = wrapper.application; includeInIndex = 0; path = GithubRepoList.app; sourceTree = BUILT_PRODUCTS_DIR; };
		93C964A22A3CEB2F0061B65A /* AppDelegate.swift */ = {isa = PBXFileReference; lastKnownFileType = sourcecode.swift; path = AppDelegate.swift; sourceTree = "<group>"; };
		93C964A42A3CEB2F0061B65A /* SceneDelegate.swift */ = {isa = PBXFileReference; lastKnownFileType = sourcecode.swift; path = SceneDelegate.swift; sourceTree = "<group>"; };
		93C964AB2A3CEB320061B65A /* Assets.xcassets */ = {isa = PBXFileReference; lastKnownFileType = folder.assetcatalog; path = Assets.xcassets; sourceTree = "<group>"; };
		93C964AE2A3CEB320061B65A /* Base */ = {isa = PBXFileReference; lastKnownFileType = file.storyboard; name = Base; path = Base.lproj/LaunchScreen.storyboard; sourceTree = "<group>"; };
		93C964B02A3CEB320061B65A /* Info.plist */ = {isa = PBXFileReference; lastKnownFileType = text.plist.xml; path = Info.plist; sourceTree = "<group>"; };
		93C964B52A3CEB320061B65A /* GithubRepoListTests.xctest */ = {isa = PBXFileReference; explicitFileType = wrapper.cfbundle; includeInIndex = 0; path = GithubRepoListTests.xctest; sourceTree = BUILT_PRODUCTS_DIR; };
		93C964B92A3CEB320061B65A /* GithubRepoListTests.swift */ = {isa = PBXFileReference; lastKnownFileType = sourcecode.swift; path = GithubRepoListTests.swift; sourceTree = "<group>"; };
		93C964BF2A3CEB320061B65A /* GithubRepoListUITests.xctest */ = {isa = PBXFileReference; explicitFileType = wrapper.cfbundle; includeInIndex = 0; path = GithubRepoListUITests.xctest; sourceTree = BUILT_PRODUCTS_DIR; };
		93C964C32A3CEB320061B65A /* GithubRepoListUITests.swift */ = {isa = PBXFileReference; lastKnownFileType = sourcecode.swift; path = GithubRepoListUITests.swift; sourceTree = "<group>"; };
		93C964C52A3CEB320061B65A /* GithubRepoListUITestsLaunchTests.swift */ = {isa = PBXFileReference; lastKnownFileType = sourcecode.swift; path = GithubRepoListUITestsLaunchTests.swift; sourceTree = "<group>"; };
		93C964D32A3CEE3F0061B65A /* RepoListViewController.swift */ = {isa = PBXFileReference; lastKnownFileType = sourcecode.swift; path = RepoListViewController.swift; sourceTree = "<group>"; };
		93C964D72A3CEF310061B65A /* RepoListViewController.storyboard */ = {isa = PBXFileReference; lastKnownFileType = file.storyboard; path = RepoListViewController.storyboard; sourceTree = "<group>"; };
		95EBCC0B223142EB0C5F89E7 /* Pods-GithubRepoList.debug.xcconfig */ = {isa = PBXFileReference; includeInIndex = 1; lastKnownFileType = text.xcconfig; name = "Pods-GithubRepoList.debug.xcconfig"; path = "Target Support Files/Pods-GithubRepoList/Pods-GithubRepoList.debug.xcconfig"; sourceTree = "<group>"; };
		99E870513D97FB54388964DA /* Pods-GithubRepoList-GithubRepoListUITests.debug.xcconfig */ = {isa = PBXFileReference; includeInIndex = 1; lastKnownFileType = text.xcconfig; name = "Pods-GithubRepoList-GithubRepoListUITests.debug.xcconfig"; path = "Target Support Files/Pods-GithubRepoList-GithubRepoListUITests/Pods-GithubRepoList-GithubRepoListUITests.debug.xcconfig"; sourceTree = "<group>"; };
		B81E313918CFB8B9ADEC92BE /* Pods-GithubRepoList.release.xcconfig */ = {isa = PBXFileReference; includeInIndex = 1; lastKnownFileType = text.xcconfig; name = "Pods-GithubRepoList.release.xcconfig"; path = "Target Support Files/Pods-GithubRepoList/Pods-GithubRepoList.release.xcconfig"; sourceTree = "<group>"; };
		B91A0BA1A4AC7500472148D6 /* Pods-GithubRepoListTests.release.xcconfig */ = {isa = PBXFileReference; includeInIndex = 1; lastKnownFileType = text.xcconfig; name = "Pods-GithubRepoListTests.release.xcconfig"; path = "Target Support Files/Pods-GithubRepoListTests/Pods-GithubRepoListTests.release.xcconfig"; sourceTree = "<group>"; };
		F0336223BA45B95BDEA43955 /* Pods_GithubRepoListTests.framework */ = {isa = PBXFileReference; explicitFileType = wrapper.framework; includeInIndex = 0; path = Pods_GithubRepoListTests.framework; sourceTree = BUILT_PRODUCTS_DIR; };
/* End PBXFileReference section */

/* Begin PBXFrameworksBuildPhase section */
		93C9649C2A3CEB2F0061B65A /* Frameworks */ = {
			isa = PBXFrameworksBuildPhase;
			buildActionMask = 2147483647;
			files = (
				E50A2C11B484433E1E934B53 /* Pods_GithubRepoList.framework in Frameworks */,
			);
			runOnlyForDeploymentPostprocessing = 0;
		};
		93C964B22A3CEB320061B65A /* Frameworks */ = {
			isa = PBXFrameworksBuildPhase;
			buildActionMask = 2147483647;
			files = (
				C5171BB05CF3BE1799D2384D /* Pods_GithubRepoListTests.framework in Frameworks */,
			);
			runOnlyForDeploymentPostprocessing = 0;
		};
		93C964BC2A3CEB320061B65A /* Frameworks */ = {
			isa = PBXFrameworksBuildPhase;
			buildActionMask = 2147483647;
			files = (
				3736ED9CABB8D2FA90B11A8D /* Pods_GithubRepoList_GithubRepoListUITests.framework in Frameworks */,
			);
			runOnlyForDeploymentPostprocessing = 0;
		};
/* End PBXFrameworksBuildPhase section */

/* Begin PBXGroup section */
		93310D992A4A0B8500B293D6 /* ViewModel */ = {
			isa = PBXGroup;
			children = (
				93310D9A2A4A0B9800B293D6 /* RepoListViewModel.swift */,
				9328514B2A5C826D00FF8CFD /* RepoDetailsViewModel.swift */,
			);
			path = ViewModel;
			sourceTree = "<group>";
		};
		93310D9C2A4A0C4600B293D6 /* Model */ = {
			isa = PBXGroup;
			children = (
				93310D9D2A4A0C5000B293D6 /* Repository.swift */,
			);
			path = Model;
			sourceTree = "<group>";
		};
		93310D9F2A4A14F400B293D6 /* Extensions */ = {
			isa = PBXGroup;
			children = (
				93310DA02A4A150600B293D6 /* UIViewController+Extensions.swift */,
			);
			path = Extensions;
			sourceTree = "<group>";
		};
		938E60CD2A53470900009D3B /* Cells */ = {
			isa = PBXGroup;
			children = (
				938E60D02A5347EE00009D3B /* RepositoryCell.swift */,
				938E60D12A5347EE00009D3B /* RepositoryCell.xib */,
			);
			path = Cells;
			sourceTree = "<group>";
		};
		938E60D42A534CA100009D3B /* RepoDetailsViewController */ = {
			isa = PBXGroup;
			children = (
				938E60DE2A534DA600009D3B /* RepoDetailsViewController.storyboard */,
				938E60E02A534DB700009D3B /* RepoDetailsViewController.swift */,
			);
			path = RepoDetailsViewController;
			sourceTree = "<group>";
		};
		938E60D52A534CB400009D3B /* RepoListViewController */ = {
			isa = PBXGroup;
			children = (
				938E60CD2A53470900009D3B /* Cells */,
				93C964D32A3CEE3F0061B65A /* RepoListViewController.swift */,
				93C964D72A3CEF310061B65A /* RepoListViewController.storyboard */,
			);
			path = RepoListViewController;
			sourceTree = "<group>";
		};
		93C964962A3CEB2F0061B65A = {
			isa = PBXGroup;
			children = (
				93C964A12A3CEB2F0061B65A /* GithubRepoList */,
				93C964B82A3CEB320061B65A /* GithubRepoListTests */,
				93C964C22A3CEB320061B65A /* GithubRepoListUITests */,
				93C964A02A3CEB2F0061B65A /* Products */,
				ED44553BA9367D09ABC30687 /* Pods */,
				9A205221981793DA430F7C83 /* Frameworks */,
			);
			sourceTree = "<group>";
		};
		93C964A02A3CEB2F0061B65A /* Products */ = {
			isa = PBXGroup;
			children = (
				93C9649F2A3CEB2F0061B65A /* GithubRepoList.app */,
				93C964B52A3CEB320061B65A /* GithubRepoListTests.xctest */,
				93C964BF2A3CEB320061B65A /* GithubRepoListUITests.xctest */,
			);
			name = Products;
			sourceTree = "<group>";
		};
		93C964A12A3CEB2F0061B65A /* GithubRepoList */ = {
			isa = PBXGroup;
			children = (
				93310D9F2A4A14F400B293D6 /* Extensions */,
				93310D9C2A4A0C4600B293D6 /* Model */,
				93310D992A4A0B8500B293D6 /* ViewModel */,
				93C964D22A3CEDF30061B65A /* ViewController */,
				93C964A22A3CEB2F0061B65A /* AppDelegate.swift */,
				93C964A42A3CEB2F0061B65A /* SceneDelegate.swift */,
				93C964AB2A3CEB320061B65A /* Assets.xcassets */,
				93C964AD2A3CEB320061B65A /* LaunchScreen.storyboard */,
				93C964B02A3CEB320061B65A /* Info.plist */,
			);
			path = GithubRepoList;
			sourceTree = "<group>";
		};
		93C964B82A3CEB320061B65A /* GithubRepoListTests */ = {
			isa = PBXGroup;
			children = (
				93C964B92A3CEB320061B65A /* GithubRepoListTests.swift */,
			);
			path = GithubRepoListTests;
			sourceTree = "<group>";
		};
		93C964C22A3CEB320061B65A /* GithubRepoListUITests */ = {
			isa = PBXGroup;
			children = (
				93C964C32A3CEB320061B65A /* GithubRepoListUITests.swift */,
				93C964C52A3CEB320061B65A /* GithubRepoListUITestsLaunchTests.swift */,
			);
			path = GithubRepoListUITests;
			sourceTree = "<group>";
		};
		93C964D22A3CEDF30061B65A /* ViewController */ = {
			isa = PBXGroup;
			children = (
				938E60D52A534CB400009D3B /* RepoListViewController */,
				938E60D42A534CA100009D3B /* RepoDetailsViewController */,
			);
			path = ViewController;
			sourceTree = "<group>";
		};
		9A205221981793DA430F7C83 /* Frameworks */ = {
			isa = PBXGroup;
			children = (
				09A7E8D0F88BAF18AD293826 /* Pods_GithubRepoList.framework */,
				447ADAF28195A915F5447E1B /* Pods_GithubRepoList_GithubRepoListUITests.framework */,
				F0336223BA45B95BDEA43955 /* Pods_GithubRepoListTests.framework */,
			);
			name = Frameworks;
			sourceTree = "<group>";
		};
		ED44553BA9367D09ABC30687 /* Pods */ = {
			isa = PBXGroup;
			children = (
				95EBCC0B223142EB0C5F89E7 /* Pods-GithubRepoList.debug.xcconfig */,
				B81E313918CFB8B9ADEC92BE /* Pods-GithubRepoList.release.xcconfig */,
				99E870513D97FB54388964DA /* Pods-GithubRepoList-GithubRepoListUITests.debug.xcconfig */,
				3EBFE28C92C46F1C1D9B09C0 /* Pods-GithubRepoList-GithubRepoListUITests.release.xcconfig */,
				6EF7E8F2109AC55954505B3F /* Pods-GithubRepoListTests.debug.xcconfig */,
				B91A0BA1A4AC7500472148D6 /* Pods-GithubRepoListTests.release.xcconfig */,
			);
			name = Pods;
			path = Pods;
			sourceTree = "<group>";
		};
/* End PBXGroup section */

/* Begin PBXNativeTarget section */
		93C9649E2A3CEB2F0061B65A /* GithubRepoList */ = {
			isa = PBXNativeTarget;
			buildConfigurationList = 93C964C92A3CEB320061B65A /* Build configuration list for PBXNativeTarget "GithubRepoList" */;
			buildPhases = (
				3C22F5CF891706413A21DC2C /* [CP] Check Pods Manifest.lock */,
				93C9649B2A3CEB2F0061B65A /* Sources */,
				93C9649C2A3CEB2F0061B65A /* Frameworks */,
				93C9649D2A3CEB2F0061B65A /* Resources */,
				64A66CC6182C8B5158EE5646 /* [CP] Embed Pods Frameworks */,
			);
			buildRules = (
			);
			dependencies = (
			);
			name = GithubRepoList;
			productName = GithubRepoList;
			productReference = 93C9649F2A3CEB2F0061B65A /* GithubRepoList.app */;
			productType = "com.apple.product-type.application";
		};
		93C964B42A3CEB320061B65A /* GithubRepoListTests */ = {
			isa = PBXNativeTarget;
			buildConfigurationList = 93C964CC2A3CEB320061B65A /* Build configuration list for PBXNativeTarget "GithubRepoListTests" */;
			buildPhases = (
				F3F7DAEA7582AD20C8461672 /* [CP] Check Pods Manifest.lock */,
				93C964B12A3CEB320061B65A /* Sources */,
				93C964B22A3CEB320061B65A /* Frameworks */,
				93C964B32A3CEB320061B65A /* Resources */,
			);
			buildRules = (
			);
			dependencies = (
				93C964B72A3CEB320061B65A /* PBXTargetDependency */,
			);
			name = GithubRepoListTests;
			productName = GithubRepoListTests;
			productReference = 93C964B52A3CEB320061B65A /* GithubRepoListTests.xctest */;
			productType = "com.apple.product-type.bundle.unit-test";
		};
		93C964BE2A3CEB320061B65A /* GithubRepoListUITests */ = {
			isa = PBXNativeTarget;
			buildConfigurationList = 93C964CF2A3CEB320061B65A /* Build configuration list for PBXNativeTarget "GithubRepoListUITests" */;
			buildPhases = (
				6C9690ABD2C199F6A1256C28 /* [CP] Check Pods Manifest.lock */,
				93C964BB2A3CEB320061B65A /* Sources */,
				93C964BC2A3CEB320061B65A /* Frameworks */,
				93C964BD2A3CEB320061B65A /* Resources */,
				9F4B9CD52C18A5FA1BB11518 /* [CP] Embed Pods Frameworks */,
			);
			buildRules = (
			);
			dependencies = (
				93C964C12A3CEB320061B65A /* PBXTargetDependency */,
			);
			name = GithubRepoListUITests;
			productName = GithubRepoListUITests;
			productReference = 93C964BF2A3CEB320061B65A /* GithubRepoListUITests.xctest */;
			productType = "com.apple.product-type.bundle.ui-testing";
		};
/* End PBXNativeTarget section */

/* Begin PBXProject section */
		93C964972A3CEB2F0061B65A /* Project object */ = {
			isa = PBXProject;
			attributes = {
				BuildIndependentTargetsInParallel = 1;
				LastSwiftUpdateCheck = 1430;
				LastUpgradeCheck = 1430;
				TargetAttributes = {
					93C9649E2A3CEB2F0061B65A = {
						CreatedOnToolsVersion = 14.3;
					};
					93C964B42A3CEB320061B65A = {
						CreatedOnToolsVersion = 14.3;
						TestTargetID = 93C9649E2A3CEB2F0061B65A;
					};
					93C964BE2A3CEB320061B65A = {
						CreatedOnToolsVersion = 14.3;
						TestTargetID = 93C9649E2A3CEB2F0061B65A;
					};
				};
			};
			buildConfigurationList = 93C9649A2A3CEB2F0061B65A /* Build configuration list for PBXProject "GithubRepoList" */;
			compatibilityVersion = "Xcode 14.0";
			developmentRegion = en;
			hasScannedForEncodings = 0;
			knownRegions = (
				en,
				Base,
			);
			mainGroup = 93C964962A3CEB2F0061B65A;
			productRefGroup = 93C964A02A3CEB2F0061B65A /* Products */;
			projectDirPath = "";
			projectRoot = "";
			targets = (
				93C9649E2A3CEB2F0061B65A /* GithubRepoList */,
				93C964B42A3CEB320061B65A /* GithubRepoListTests */,
				93C964BE2A3CEB320061B65A /* GithubRepoListUITests */,
			);
		};
/* End PBXProject section */

/* Begin PBXResourcesBuildPhase section */
		93C9649D2A3CEB2F0061B65A /* Resources */ = {
			isa = PBXResourcesBuildPhase;
			buildActionMask = 2147483647;
			files = (
				93C964D82A3CEF310061B65A /* RepoListViewController.storyboard in Resources */,
				938E60DF2A534DA600009D3B /* RepoDetailsViewController.storyboard in Resources */,
				93C964AF2A3CEB320061B65A /* LaunchScreen.storyboard in Resources */,
				93C964AC2A3CEB320061B65A /* Assets.xcassets in Resources */,
				938E60D32A5347EE00009D3B /* RepositoryCell.xib in Resources */,
			);
			runOnlyForDeploymentPostprocessing = 0;
		};
		93C964B32A3CEB320061B65A /* Resources */ = {
			isa = PBXResourcesBuildPhase;
			buildActionMask = 2147483647;
			files = (
			);
			runOnlyForDeploymentPostprocessing = 0;
		};
		93C964BD2A3CEB320061B65A /* Resources */ = {
			isa = PBXResourcesBuildPhase;
			buildActionMask = 2147483647;
			files = (
			);
			runOnlyForDeploymentPostprocessing = 0;
		};
/* End PBXResourcesBuildPhase section */

/* Begin PBXShellScriptBuildPhase section */
		3C22F5CF891706413A21DC2C /* [CP] Check Pods Manifest.lock */ = {
			isa = PBXShellScriptBuildPhase;
			buildActionMask = 2147483647;
			files = (
			);
			inputFileListPaths = (
			);
			inputPaths = (
				"${PODS_PODFILE_DIR_PATH}/Podfile.lock",
				"${PODS_ROOT}/Manifest.lock",
			);
			name = "[CP] Check Pods Manifest.lock";
			outputFileListPaths = (
			);
			outputPaths = (
				"$(DERIVED_FILE_DIR)/Pods-GithubRepoList-checkManifestLockResult.txt",
			);
			runOnlyForDeploymentPostprocessing = 0;
			shellPath = /bin/sh;
			shellScript = "diff \"${PODS_PODFILE_DIR_PATH}/Podfile.lock\" \"${PODS_ROOT}/Manifest.lock\" > /dev/null\nif [ $? != 0 ] ; then\n    # print error to STDERR\n    echo \"error: The sandbox is not in sync with the Podfile.lock. Run 'pod install' or update your CocoaPods installation.\" >&2\n    exit 1\nfi\n# This output is used by Xcode 'outputs' to avoid re-running this script phase.\necho \"SUCCESS\" > \"${SCRIPT_OUTPUT_FILE_0}\"\n";
			showEnvVarsInLog = 0;
		};
		64A66CC6182C8B5158EE5646 /* [CP] Embed Pods Frameworks */ = {
			isa = PBXShellScriptBuildPhase;
			buildActionMask = 2147483647;
			files = (
			);
			inputFileListPaths = (
				"${PODS_ROOT}/Target Support Files/Pods-GithubRepoList/Pods-GithubRepoList-frameworks-${CONFIGURATION}-input-files.xcfilelist",
			);
			name = "[CP] Embed Pods Frameworks";
			outputFileListPaths = (
				"${PODS_ROOT}/Target Support Files/Pods-GithubRepoList/Pods-GithubRepoList-frameworks-${CONFIGURATION}-output-files.xcfilelist",
			);
			runOnlyForDeploymentPostprocessing = 0;
			shellPath = /bin/sh;
			shellScript = "\"${PODS_ROOT}/Target Support Files/Pods-GithubRepoList/Pods-GithubRepoList-frameworks.sh\"\n";
			showEnvVarsInLog = 0;
		};
		6C9690ABD2C199F6A1256C28 /* [CP] Check Pods Manifest.lock */ = {
			isa = PBXShellScriptBuildPhase;
			buildActionMask = 2147483647;
			files = (
			);
			inputFileListPaths = (
			);
			inputPaths = (
				"${PODS_PODFILE_DIR_PATH}/Podfile.lock",
				"${PODS_ROOT}/Manifest.lock",
			);
			name = "[CP] Check Pods Manifest.lock";
			outputFileListPaths = (
			);
			outputPaths = (
				"$(DERIVED_FILE_DIR)/Pods-GithubRepoList-GithubRepoListUITests-checkManifestLockResult.txt",
			);
			runOnlyForDeploymentPostprocessing = 0;
			shellPath = /bin/sh;
			shellScript = "diff \"${PODS_PODFILE_DIR_PATH}/Podfile.lock\" \"${PODS_ROOT}/Manifest.lock\" > /dev/null\nif [ $? != 0 ] ; then\n    # print error to STDERR\n    echo \"error: The sandbox is not in sync with the Podfile.lock. Run 'pod install' or update your CocoaPods installation.\" >&2\n    exit 1\nfi\n# This output is used by Xcode 'outputs' to avoid re-running this script phase.\necho \"SUCCESS\" > \"${SCRIPT_OUTPUT_FILE_0}\"\n";
			showEnvVarsInLog = 0;
		};
		9F4B9CD52C18A5FA1BB11518 /* [CP] Embed Pods Frameworks */ = {
			isa = PBXShellScriptBuildPhase;
			buildActionMask = 2147483647;
			files = (
			);
			inputFileListPaths = (
				"${PODS_ROOT}/Target Support Files/Pods-GithubRepoList-GithubRepoListUITests/Pods-GithubRepoList-GithubRepoListUITests-frameworks-${CONFIGURATION}-input-files.xcfilelist",
			);
			name = "[CP] Embed Pods Frameworks";
			outputFileListPaths = (
				"${PODS_ROOT}/Target Support Files/Pods-GithubRepoList-GithubRepoListUITests/Pods-GithubRepoList-GithubRepoListUITests-frameworks-${CONFIGURATION}-output-files.xcfilelist",
			);
			runOnlyForDeploymentPostprocessing = 0;
			shellPath = /bin/sh;
			shellScript = "\"${PODS_ROOT}/Target Support Files/Pods-GithubRepoList-GithubRepoListUITests/Pods-GithubRepoList-GithubRepoListUITests-frameworks.sh\"\n";
			showEnvVarsInLog = 0;
		};
		F3F7DAEA7582AD20C8461672 /* [CP] Check Pods Manifest.lock */ = {
			isa = PBXShellScriptBuildPhase;
			buildActionMask = 2147483647;
			files = (
			);
			inputFileListPaths = (
			);
			inputPaths = (
				"${PODS_PODFILE_DIR_PATH}/Podfile.lock",
				"${PODS_ROOT}/Manifest.lock",
			);
			name = "[CP] Check Pods Manifest.lock";
			outputFileListPaths = (
			);
			outputPaths = (
				"$(DERIVED_FILE_DIR)/Pods-GithubRepoListTests-checkManifestLockResult.txt",
			);
			runOnlyForDeploymentPostprocessing = 0;
			shellPath = /bin/sh;
			shellScript = "diff \"${PODS_PODFILE_DIR_PATH}/Podfile.lock\" \"${PODS_ROOT}/Manifest.lock\" > /dev/null\nif [ $? != 0 ] ; then\n    # print error to STDERR\n    echo \"error: The sandbox is not in sync with the Podfile.lock. Run 'pod install' or update your CocoaPods installation.\" >&2\n    exit 1\nfi\n# This output is used by Xcode 'outputs' to avoid re-running this script phase.\necho \"SUCCESS\" > \"${SCRIPT_OUTPUT_FILE_0}\"\n";
			showEnvVarsInLog = 0;
		};
/* End PBXShellScriptBuildPhase section */

/* Begin PBXSourcesBuildPhase section */
		93C9649B2A3CEB2F0061B65A /* Sources */ = {
			isa = PBXSourcesBuildPhase;
			buildActionMask = 2147483647;
			files = (
				93310D9B2A4A0B9800B293D6 /* RepoListViewModel.swift in Sources */,
				9328514C2A5C826D00FF8CFD /* RepoDetailsViewModel.swift in Sources */,
				938E60D22A5347EE00009D3B /* RepositoryCell.swift in Sources */,
				93C964A32A3CEB2F0061B65A /* AppDelegate.swift in Sources */,
				93310D9E2A4A0C5000B293D6 /* Repository.swift in Sources */,
				93C964D52A3CEE3F0061B65A /* RepoListViewController.swift in Sources */,
				938E60E12A534DB700009D3B /* RepoDetailsViewController.swift in Sources */,
				93310DA12A4A150600B293D6 /* UIViewController+Extensions.swift in Sources */,
				93C964A52A3CEB2F0061B65A /* SceneDelegate.swift in Sources */,
			);
			runOnlyForDeploymentPostprocessing = 0;
		};
		93C964B12A3CEB320061B65A /* Sources */ = {
			isa = PBXSourcesBuildPhase;
			buildActionMask = 2147483647;
			files = (
				93C964BA2A3CEB320061B65A /* GithubRepoListTests.swift in Sources */,
			);
			runOnlyForDeploymentPostprocessing = 0;
		};
		93C964BB2A3CEB320061B65A /* Sources */ = {
			isa = PBXSourcesBuildPhase;
			buildActionMask = 2147483647;
			files = (
				93C964C42A3CEB320061B65A /* GithubRepoListUITests.swift in Sources */,
				93C964C62A3CEB320061B65A /* GithubRepoListUITestsLaunchTests.swift in Sources */,
			);
			runOnlyForDeploymentPostprocessing = 0;
		};
/* End PBXSourcesBuildPhase section */

/* Begin PBXTargetDependency section */
		93C964B72A3CEB320061B65A /* PBXTargetDependency */ = {
			isa = PBXTargetDependency;
			target = 93C9649E2A3CEB2F0061B65A /* GithubRepoList */;
			targetProxy = 93C964B62A3CEB320061B65A /* PBXContainerItemProxy */;
		};
		93C964C12A3CEB320061B65A /* PBXTargetDependency */ = {
			isa = PBXTargetDependency;
			target = 93C9649E2A3CEB2F0061B65A /* GithubRepoList */;
			targetProxy = 93C964C02A3CEB320061B65A /* PBXContainerItemProxy */;
		};
/* End PBXTargetDependency section */

/* Begin PBXVariantGroup section */
		93C964AD2A3CEB320061B65A /* LaunchScreen.storyboard */ = {
			isa = PBXVariantGroup;
			children = (
				93C964AE2A3CEB320061B65A /* Base */,
			);
			name = LaunchScreen.storyboard;
			sourceTree = "<group>";
		};
/* End PBXVariantGroup section */

/* Begin XCBuildConfiguration section */
		93C964C72A3CEB320061B65A /* Debug */ = {
			isa = XCBuildConfiguration;
			buildSettings = {
				ALWAYS_SEARCH_USER_PATHS = NO;
				CLANG_ANALYZER_NONNULL = YES;
				CLANG_ANALYZER_NUMBER_OBJECT_CONVERSION = YES_AGGRESSIVE;
				CLANG_CXX_LANGUAGE_STANDARD = "gnu++20";
				CLANG_ENABLE_MODULES = YES;
				CLANG_ENABLE_OBJC_ARC = YES;
				CLANG_ENABLE_OBJC_WEAK = YES;
				CLANG_WARN_BLOCK_CAPTURE_AUTORELEASING = YES;
				CLANG_WARN_BOOL_CONVERSION = YES;
				CLANG_WARN_COMMA = YES;
				CLANG_WARN_CONSTANT_CONVERSION = YES;
				CLANG_WARN_DEPRECATED_OBJC_IMPLEMENTATIONS = YES;
				CLANG_WARN_DIRECT_OBJC_ISA_USAGE = YES_ERROR;
				CLANG_WARN_DOCUMENTATION_COMMENTS = YES;
				CLANG_WARN_EMPTY_BODY = YES;
				CLANG_WARN_ENUM_CONVERSION = YES;
				CLANG_WARN_INFINITE_RECURSION = YES;
				CLANG_WARN_INT_CONVERSION = YES;
				CLANG_WARN_NON_LITERAL_NULL_CONVERSION = YES;
				CLANG_WARN_OBJC_IMPLICIT_RETAIN_SELF = YES;
				CLANG_WARN_OBJC_LITERAL_CONVERSION = YES;
				CLANG_WARN_OBJC_ROOT_CLASS = YES_ERROR;
				CLANG_WARN_QUOTED_INCLUDE_IN_FRAMEWORK_HEADER = YES;
				CLANG_WARN_RANGE_LOOP_ANALYSIS = YES;
				CLANG_WARN_STRICT_PROTOTYPES = YES;
				CLANG_WARN_SUSPICIOUS_MOVE = YES;
				CLANG_WARN_UNGUARDED_AVAILABILITY = YES_AGGRESSIVE;
				CLANG_WARN_UNREACHABLE_CODE = YES;
				CLANG_WARN__DUPLICATE_METHOD_MATCH = YES;
				COPY_PHASE_STRIP = NO;
				DEBUG_INFORMATION_FORMAT = dwarf;
				ENABLE_STRICT_OBJC_MSGSEND = YES;
				ENABLE_TESTABILITY = YES;
				GCC_C_LANGUAGE_STANDARD = gnu11;
				GCC_DYNAMIC_NO_PIC = NO;
				GCC_NO_COMMON_BLOCKS = YES;
				GCC_OPTIMIZATION_LEVEL = 0;
				GCC_PREPROCESSOR_DEFINITIONS = (
					"DEBUG=1",
					"$(inherited)",
				);
				GCC_WARN_64_TO_32_BIT_CONVERSION = YES;
				GCC_WARN_ABOUT_RETURN_TYPE = YES_ERROR;
				GCC_WARN_UNDECLARED_SELECTOR = YES;
				GCC_WARN_UNINITIALIZED_AUTOS = YES_AGGRESSIVE;
				GCC_WARN_UNUSED_FUNCTION = YES;
				GCC_WARN_UNUSED_VARIABLE = YES;
				IPHONEOS_DEPLOYMENT_TARGET = 16.4;
				MTL_ENABLE_DEBUG_INFO = INCLUDE_SOURCE;
				MTL_FAST_MATH = YES;
				ONLY_ACTIVE_ARCH = YES;
				SDKROOT = iphoneos;
				SWIFT_ACTIVE_COMPILATION_CONDITIONS = DEBUG;
				SWIFT_OPTIMIZATION_LEVEL = "-Onone";
			};
			name = Debug;
		};
		93C964C82A3CEB320061B65A /* Release */ = {
			isa = XCBuildConfiguration;
			buildSettings = {
				ALWAYS_SEARCH_USER_PATHS = NO;
				CLANG_ANALYZER_NONNULL = YES;
				CLANG_ANALYZER_NUMBER_OBJECT_CONVERSION = YES_AGGRESSIVE;
				CLANG_CXX_LANGUAGE_STANDARD = "gnu++20";
				CLANG_ENABLE_MODULES = YES;
				CLANG_ENABLE_OBJC_ARC = YES;
				CLANG_ENABLE_OBJC_WEAK = YES;
				CLANG_WARN_BLOCK_CAPTURE_AUTORELEASING = YES;
				CLANG_WARN_BOOL_CONVERSION = YES;
				CLANG_WARN_COMMA = YES;
				CLANG_WARN_CONSTANT_CONVERSION = YES;
				CLANG_WARN_DEPRECATED_OBJC_IMPLEMENTATIONS = YES;
				CLANG_WARN_DIRECT_OBJC_ISA_USAGE = YES_ERROR;
				CLANG_WARN_DOCUMENTATION_COMMENTS = YES;
				CLANG_WARN_EMPTY_BODY = YES;
				CLANG_WARN_ENUM_CONVERSION = YES;
				CLANG_WARN_INFINITE_RECURSION = YES;
				CLANG_WARN_INT_CONVERSION = YES;
				CLANG_WARN_NON_LITERAL_NULL_CONVERSION = YES;
				CLANG_WARN_OBJC_IMPLICIT_RETAIN_SELF = YES;
				CLANG_WARN_OBJC_LITERAL_CONVERSION = YES;
				CLANG_WARN_OBJC_ROOT_CLASS = YES_ERROR;
				CLANG_WARN_QUOTED_INCLUDE_IN_FRAMEWORK_HEADER = YES;
				CLANG_WARN_RANGE_LOOP_ANALYSIS = YES;
				CLANG_WARN_STRICT_PROTOTYPES = YES;
				CLANG_WARN_SUSPICIOUS_MOVE = YES;
				CLANG_WARN_UNGUARDED_AVAILABILITY = YES_AGGRESSIVE;
				CLANG_WARN_UNREACHABLE_CODE = YES;
				CLANG_WARN__DUPLICATE_METHOD_MATCH = YES;
				COPY_PHASE_STRIP = NO;
				DEBUG_INFORMATION_FORMAT = "dwarf-with-dsym";
				ENABLE_NS_ASSERTIONS = NO;
				ENABLE_STRICT_OBJC_MSGSEND = YES;
				GCC_C_LANGUAGE_STANDARD = gnu11;
				GCC_NO_COMMON_BLOCKS = YES;
				GCC_WARN_64_TO_32_BIT_CONVERSION = YES;
				GCC_WARN_ABOUT_RETURN_TYPE = YES_ERROR;
				GCC_WARN_UNDECLARED_SELECTOR = YES;
				GCC_WARN_UNINITIALIZED_AUTOS = YES_AGGRESSIVE;
				GCC_WARN_UNUSED_FUNCTION = YES;
				GCC_WARN_UNUSED_VARIABLE = YES;
				IPHONEOS_DEPLOYMENT_TARGET = 16.4;
				MTL_ENABLE_DEBUG_INFO = NO;
				MTL_FAST_MATH = YES;
				SDKROOT = iphoneos;
				SWIFT_COMPILATION_MODE = wholemodule;
				SWIFT_OPTIMIZATION_LEVEL = "-O";
				VALIDATE_PRODUCT = YES;
			};
			name = Release;
		};
		93C964CA2A3CEB320061B65A /* Debug */ = {
			isa = XCBuildConfiguration;
			baseConfigurationReference = 95EBCC0B223142EB0C5F89E7 /* Pods-GithubRepoList.debug.xcconfig */;
			buildSettings = {
				ASSETCATALOG_COMPILER_APPICON_NAME = AppIcon;
				ASSETCATALOG_COMPILER_GLOBAL_ACCENT_COLOR_NAME = AccentColor;
				CODE_SIGN_STYLE = Automatic;
				CURRENT_PROJECT_VERSION = 1;
				DEVELOPMENT_TEAM = U2BKJ22455;
				GENERATE_INFOPLIST_FILE = YES;
				INFOPLIST_FILE = GithubRepoList/Info.plist;
				INFOPLIST_KEY_UIApplicationSupportsIndirectInputEvents = YES;
				INFOPLIST_KEY_UILaunchStoryboardName = LaunchScreen;
				INFOPLIST_KEY_UIMainStoryboardFile = RepoListViewController;
				INFOPLIST_KEY_UISupportedInterfaceOrientations_iPad = "UIInterfaceOrientationPortrait UIInterfaceOrientationPortraitUpsideDown UIInterfaceOrientationLandscapeLeft UIInterfaceOrientationLandscapeRight";
				INFOPLIST_KEY_UISupportedInterfaceOrientations_iPhone = "UIInterfaceOrientationPortrait UIInterfaceOrientationLandscapeLeft UIInterfaceOrientationLandscapeRight";
				LD_RUNPATH_SEARCH_PATHS = (
					"$(inherited)",
					"@executable_path/Frameworks",
				);
				MARKETING_VERSION = 1.0;
				PRODUCT_BUNDLE_IDENTIFIER = com.joorgecarvalho.GithubRepoList;
				PRODUCT_NAME = "$(TARGET_NAME)";
				SWIFT_EMIT_LOC_STRINGS = YES;
				SWIFT_VERSION = 5.0;
				TARGETED_DEVICE_FAMILY = "1,2";
			};
			name = Debug;
		};
		93C964CB2A3CEB320061B65A /* Release */ = {
			isa = XCBuildConfiguration;
			baseConfigurationReference = B81E313918CFB8B9ADEC92BE /* Pods-GithubRepoList.release.xcconfig */;
			buildSettings = {
				ASSETCATALOG_COMPILER_APPICON_NAME = AppIcon;
				ASSETCATALOG_COMPILER_GLOBAL_ACCENT_COLOR_NAME = AccentColor;
				CODE_SIGN_STYLE = Automatic;
				CURRENT_PROJECT_VERSION = 1;
				DEVELOPMENT_TEAM = U2BKJ22455;
				GENERATE_INFOPLIST_FILE = YES;
				INFOPLIST_FILE = GithubRepoList/Info.plist;
				INFOPLIST_KEY_UIApplicationSupportsIndirectInputEvents = YES;
				INFOPLIST_KEY_UILaunchStoryboardName = LaunchScreen;
				INFOPLIST_KEY_UIMainStoryboardFile = RepoListViewController;
				INFOPLIST_KEY_UISupportedInterfaceOrientations_iPad = "UIInterfaceOrientationPortrait UIInterfaceOrientationPortraitUpsideDown UIInterfaceOrientationLandscapeLeft UIInterfaceOrientationLandscapeRight";
				INFOPLIST_KEY_UISupportedInterfaceOrientations_iPhone = "UIInterfaceOrientationPortrait UIInterfaceOrientationLandscapeLeft UIInterfaceOrientationLandscapeRight";
				LD_RUNPATH_SEARCH_PATHS = (
					"$(inherited)",
					"@executable_path/Frameworks",
				);
				MARKETING_VERSION = 1.0;
				PRODUCT_BUNDLE_IDENTIFIER = com.joorgecarvalho.GithubRepoList;
				PRODUCT_NAME = "$(TARGET_NAME)";
				SWIFT_EMIT_LOC_STRINGS = YES;
				SWIFT_VERSION = 5.0;
				TARGETED_DEVICE_FAMILY = "1,2";
			};
			name = Release;
		};
		93C964CD2A3CEB320061B65A /* Debug */ = {
			isa = XCBuildConfiguration;
			baseConfigurationReference = 6EF7E8F2109AC55954505B3F /* Pods-GithubRepoListTests.debug.xcconfig */;
			buildSettings = {
				ALWAYS_EMBED_SWIFT_STANDARD_LIBRARIES = YES;
				BUNDLE_LOADER = "$(TEST_HOST)";
				CODE_SIGN_STYLE = Automatic;
				CURRENT_PROJECT_VERSION = 1;
				DEVELOPMENT_TEAM = U2BKJ22455;
				GENERATE_INFOPLIST_FILE = YES;
				IPHONEOS_DEPLOYMENT_TARGET = 16.4;
				MARKETING_VERSION = 1.0;
				PRODUCT_BUNDLE_IDENTIFIER = com.joorgecarvalho.GithubRepoListTests;
				PRODUCT_NAME = "$(TARGET_NAME)";
				SWIFT_EMIT_LOC_STRINGS = NO;
				SWIFT_VERSION = 5.0;
				TARGETED_DEVICE_FAMILY = "1,2";
				TEST_HOST = "$(BUILT_PRODUCTS_DIR)/GithubRepoList.app/$(BUNDLE_EXECUTABLE_FOLDER_PATH)/GithubRepoList";
			};
			name = Debug;
		};
		93C964CE2A3CEB320061B65A /* Release */ = {
			isa = XCBuildConfiguration;
			baseConfigurationReference = B91A0BA1A4AC7500472148D6 /* Pods-GithubRepoListTests.release.xcconfig */;
			buildSettings = {
				ALWAYS_EMBED_SWIFT_STANDARD_LIBRARIES = YES;
				BUNDLE_LOADER = "$(TEST_HOST)";
				CODE_SIGN_STYLE = Automatic;
				CURRENT_PROJECT_VERSION = 1;
				DEVELOPMENT_TEAM = U2BKJ22455;
				GENERATE_INFOPLIST_FILE = YES;
				IPHONEOS_DEPLOYMENT_TARGET = 16.4;
				MARKETING_VERSION = 1.0;
				PRODUCT_BUNDLE_IDENTIFIER = com.joorgecarvalho.GithubRepoListTests;
				PRODUCT_NAME = "$(TARGET_NAME)";
				SWIFT_EMIT_LOC_STRINGS = NO;
				SWIFT_VERSION = 5.0;
				TARGETED_DEVICE_FAMILY = "1,2";
				TEST_HOST = "$(BUILT_PRODUCTS_DIR)/GithubRepoList.app/$(BUNDLE_EXECUTABLE_FOLDER_PATH)/GithubRepoList";
			};
			name = Release;
		};
		93C964D02A3CEB320061B65A /* Debug */ = {
			isa = XCBuildConfiguration;
			baseConfigurationReference = 99E870513D97FB54388964DA /* Pods-GithubRepoList-GithubRepoListUITests.debug.xcconfig */;
			buildSettings = {
				ALWAYS_EMBED_SWIFT_STANDARD_LIBRARIES = YES;
				CODE_SIGN_STYLE = Automatic;
				CURRENT_PROJECT_VERSION = 1;
				DEVELOPMENT_TEAM = U2BKJ22455;
				GENERATE_INFOPLIST_FILE = YES;
				MARKETING_VERSION = 1.0;
				PRODUCT_BUNDLE_IDENTIFIER = com.joorgecarvalho.GithubRepoListUITests;
				PRODUCT_NAME = "$(TARGET_NAME)";
				SWIFT_EMIT_LOC_STRINGS = NO;
				SWIFT_VERSION = 5.0;
				TARGETED_DEVICE_FAMILY = "1,2";
				TEST_TARGET_NAME = GithubRepoList;
			};
			name = Debug;
		};
		93C964D12A3CEB320061B65A /* Release */ = {
			isa = XCBuildConfiguration;
			baseConfigurationReference = 3EBFE28C92C46F1C1D9B09C0 /* Pods-GithubRepoList-GithubRepoListUITests.release.xcconfig */;
			buildSettings = {
				ALWAYS_EMBED_SWIFT_STANDARD_LIBRARIES = YES;
				CODE_SIGN_STYLE = Automatic;
				CURRENT_PROJECT_VERSION = 1;
				DEVELOPMENT_TEAM = U2BKJ22455;
				GENERATE_INFOPLIST_FILE = YES;
				MARKETING_VERSION = 1.0;
				PRODUCT_BUNDLE_IDENTIFIER = com.joorgecarvalho.GithubRepoListUITests;
				PRODUCT_NAME = "$(TARGET_NAME)";
				SWIFT_EMIT_LOC_STRINGS = NO;
				SWIFT_VERSION = 5.0;
				TARGETED_DEVICE_FAMILY = "1,2";
				TEST_TARGET_NAME = GithubRepoList;
			};
			name = Release;
		};
/* End XCBuildConfiguration section */

/* Begin XCConfigurationList section */
		93C9649A2A3CEB2F0061B65A /* Build configuration list for PBXProject "GithubRepoList" */ = {
			isa = XCConfigurationList;
			buildConfigurations = (
				93C964C72A3CEB320061B65A /* Debug */,
				93C964C82A3CEB320061B65A /* Release */,
			);
			defaultConfigurationIsVisible = 0;
			defaultConfigurationName = Release;
		};
		93C964C92A3CEB320061B65A /* Build configuration list for PBXNativeTarget "GithubRepoList" */ = {
			isa = XCConfigurationList;
			buildConfigurations = (
				93C964CA2A3CEB320061B65A /* Debug */,
				93C964CB2A3CEB320061B65A /* Release */,
			);
			defaultConfigurationIsVisible = 0;
			defaultConfigurationName = Release;
		};
		93C964CC2A3CEB320061B65A /* Build configuration list for PBXNativeTarget "GithubRepoListTests" */ = {
			isa = XCConfigurationList;
			buildConfigurations = (
				93C964CD2A3CEB320061B65A /* Debug */,
				93C964CE2A3CEB320061B65A /* Release */,
			);
			defaultConfigurationIsVisible = 0;
			defaultConfigurationName = Release;
		};
		93C964CF2A3CEB320061B65A /* Build configuration list for PBXNativeTarget "GithubRepoListUITests" */ = {
			isa = XCConfigurationList;
			buildConfigurations = (
				93C964D02A3CEB320061B65A /* Debug */,
				93C964D12A3CEB320061B65A /* Release */,
			);
			defaultConfigurationIsVisible = 0;
			defaultConfigurationName = Release;
		};
/* End XCConfigurationList section */
	};
	rootObject = 93C964972A3CEB2F0061B65A /* Project object */;
}
